_meta:
  generated_by: image-manager lock
  source: packages.ubuntu.com
  date: '2026-01-10T14:54:09.508844+00:00'
bases:
  ubuntu:24.04:
    digest: sha256:c35e29c9450151419d9448b0fd75374fec4fff364a27f176fb458d472dfc9e54
    codename: noble
    packages:
      libbz2-dev: 1.0.8-5.1
      libxml2-dev: 2.9.14+dfsg-1.3ubuntu3.6
      zlib1g-dev: 1:1.3.dfsg-3.1ubuntu2
