_meta:
  version: 1
  generated_by: image-manager lock
  source: packages.ubuntu.com
  date: '2026-01-10T14:56:19.310214+00:00'
bases:
  ubuntu:24.04:
    digest: sha256:c35e29c9450151419d9448b0fd75374fec4fff364a27f176fb458d472dfc9e54
    codename: noble
    packages:
      zip: 3.0-13build1
      curl: 8.5.0-2ubuntu10.6
      ca-certificates: '20240203'
